
Microsoft Visual Studio Solution File, Format Version 12.00
# Visual Studio Version 16
VisualStudioVersion = 16.0.31410.357
MinimumVisualStudioVersion = 10.0.40219.1
Project("{9092AA53-FB77-4645-B42D-1CCCA6BD08BD}") = "NodejsConsoleApp1", "NodejsConsoleApp1.njsproj", "{5D660FE5-4E01-43AB-ACB2-52ADCA44E3CB}"
EndProject
Global
	GlobalSection(SolutionConfigurationPlatforms) = preSolution
		Debug|Any CPU = Debug|Any CPU
		Release|Any CPU = Release|Any CPU
	EndGlobalSection
	GlobalSection(ProjectConfigurationPlatforms) = postSolution
		{5D660FE5-4E01-43AB-ACB2-52ADCA44E3CB}.Debug|Any CPU.ActiveCfg = Debug|Any CPU
		{5D660FE5-4E01-43AB-ACB2-52ADCA44E3CB}.Debug|Any CPU.Build.0 = Debug|Any CPU
		{5D660FE5-4E01-43AB-ACB2-52ADCA44E3CB}.Release|Any CPU.ActiveCfg = Release|Any CPU
		{5D660FE5-4E01-43AB-ACB2-52ADCA44E3CB}.Release|Any CPU.Build.0 = Release|Any CPU
	EndGlobalSection
	GlobalSection(SolutionProperties) = preSolution
		HideSolutionNode = FALSE
	EndGlobalSection
	GlobalSection(ExtensibilityGlobals) = postSolution
		SolutionGuid = {1E2BDE16-CAE0-4722-9BE7-531442012475}
	EndGlobalSection
EndGlobal
